// !$*UTF8*$!
{
	archiveVersion = 1;
	classes = {
	};
	objectVersion = 50;
	objects = {

/* Begin PBXBuildFile section */
		F64EBAD624A39EC800CEF2D7 /* AppDelegate.swift in Sources */ = {isa = PBXBuildFile; fileRef = F64EBAD524A39EC800CEF2D7 /* AppDelegate.swift */; };
		F64EBAD824A39EC800CEF2D7 /* SceneDelegate.swift in Sources */ = {isa = PBXBuildFile; fileRef = F64EBAD724A39EC800CEF2D7 /* SceneDelegate.swift */; };
		F64EBADF24A39ECD00CEF2D7 /* Assets.xcassets in Resources */ = {isa = PBXBuildFile; fileRef = F64EBADE24A39ECD00CEF2D7 /* Assets.xcassets */; };
		F64EBAE224A39ECD00CEF2D7 /* LaunchScreen.storyboard in Resources */ = {isa = PBXBuildFile; fileRef = F64EBAE024A39ECD00CEF2D7 /* LaunchScreen.storyboard */; };
		F64EBAEF24A3A30500CEF2D7 /* MockDataManager.swift in Sources */ = {isa = PBXBuildFile; fileRef = F64EBAEE24A3A30500CEF2D7 /* MockDataManager.swift */; };
		F64EBAF124A3A49C00CEF2D7 /* Event.swift in Sources */ = {isa = PBXBuildFile; fileRef = F64EBAF024A3A49C00CEF2D7 /* Event.swift */; };
		F64EBAF424A3A55400CEF2D7 /* EVDataError.swift in Sources */ = {isa = PBXBuildFile; fileRef = F64EBAF324A3A55400CEF2D7 /* EVDataError.swift */; };
		F64EBAF624A3A8D400CEF2D7 /* mock.json in Resources */ = {isa = PBXBuildFile; fileRef = F64EBAF524A3A8D400CEF2D7 /* mock.json */; };
		F64EBAF824A3A92800CEF2D7 /* UpcomingEventsVC.swift in Sources */ = {isa = PBXBuildFile; fileRef = F64EBAF724A3A92800CEF2D7 /* UpcomingEventsVC.swift */; };
/* End PBXBuildFile section */

/* Begin PBXFileReference section */
		F64EBAD224A39EC800CEF2D7 /* eVents.app */ = {isa = PBXFileReference; explicitFileType = wrapper.application; includeInIndex = 0; path = eVents.app; sourceTree = BUILT_PRODUCTS_DIR; };
		F64EBAD524A39EC800CEF2D7 /* AppDelegate.swift */ = {isa = PBXFileReference; lastKnownFileType = sourcecode.swift; path = AppDelegate.swift; sourceTree = "<group>"; };
		F64EBAD724A39EC800CEF2D7 /* SceneDelegate.swift */ = {isa = PBXFileReference; lastKnownFileType = sourcecode.swift; path = SceneDelegate.swift; sourceTree = "<group>"; };
		F64EBADE24A39ECD00CEF2D7 /* Assets.xcassets */ = {isa = PBXFileReference; lastKnownFileType = folder.assetcatalog; path = Assets.xcassets; sourceTree = "<group>"; };
		F64EBAE124A39ECD00CEF2D7 /* Base */ = {isa = PBXFileReference; lastKnownFileType = file.storyboard; name = Base; path = Base.lproj/LaunchScreen.storyboard; sourceTree = "<group>"; };
		F64EBAE324A39ECD00CEF2D7 /* Info.plist */ = {isa = PBXFileReference; lastKnownFileType = text.plist.xml; path = Info.plist; sourceTree = "<group>"; };
		F64EBAEE24A3A30500CEF2D7 /* MockDataManager.swift */ = {isa = PBXFileReference; lastKnownFileType = sourcecode.swift; path = MockDataManager.swift; sourceTree = "<group>"; };
		F64EBAF024A3A49C00CEF2D7 /* Event.swift */ = {isa = PBXFileReference; lastKnownFileType = sourcecode.swift; path = Event.swift; sourceTree = "<group>"; };
		F64EBAF324A3A55400CEF2D7 /* EVDataError.swift */ = {isa = PBXFileReference; lastKnownFileType = sourcecode.swift; path = EVDataError.swift; sourceTree = "<group>"; };
		F64EBAF524A3A8D400CEF2D7 /* mock.json */ = {isa = PBXFileReference; fileEncoding = 4; lastKnownFileType = text.json; path = mock.json; sourceTree = "<group>"; };
		F64EBAF724A3A92800CEF2D7 /* UpcomingEventsVC.swift */ = {isa = PBXFileReference; lastKnownFileType = sourcecode.swift; path = UpcomingEventsVC.swift; sourceTree = "<group>"; };
/* End PBXFileReference section */

/* Begin PBXFrameworksBuildPhase section */
		F64EBACF24A39EC800CEF2D7 /* Frameworks */ = {
			isa = PBXFrameworksBuildPhase;
			buildActionMask = 2147483647;
			files = (
			);
			runOnlyForDeploymentPostprocessing = 0;
		};
/* End PBXFrameworksBuildPhase section */

/* Begin PBXGroup section */
		F64EBAC924A39EC800CEF2D7 = {
			isa = PBXGroup;
			children = (
				F64EBAD424A39EC800CEF2D7 /* eVents */,
				F64EBAD324A39EC800CEF2D7 /* Products */,
			);
			sourceTree = "<group>";
		};
		F64EBAD324A39EC800CEF2D7 /* Products */ = {
			isa = PBXGroup;
			children = (
				F64EBAD224A39EC800CEF2D7 /* eVents.app */,
			);
			name = Products;
			sourceTree = "<group>";
		};
		F64EBAD424A39EC800CEF2D7 /* eVents */ = {
			isa = PBXGroup;
			children = (
				F64EBAF524A3A8D400CEF2D7 /* mock.json */,
				F64EBAF224A3A52700CEF2D7 /* Utilities */,
				F64EBAED24A3A2CC00CEF2D7 /* Manager */,
				F64EBAEB24A3A1EA00CEF2D7 /* Model */,
				F64EBAE924A3A03D00CEF2D7 /* Support */,
				F64EBAEA24A3A05400CEF2D7 /* Scenes */,
				F64EBADE24A39ECD00CEF2D7 /* Assets.xcassets */,
				F64EBAE324A39ECD00CEF2D7 /* Info.plist */,
			);
			path = eVents;
			sourceTree = "<group>";
		};
		F64EBAE924A3A03D00CEF2D7 /* Support */ = {
			isa = PBXGroup;
			children = (
				F64EBAE024A39ECD00CEF2D7 /* LaunchScreen.storyboard */,
				F64EBAD524A39EC800CEF2D7 /* AppDelegate.swift */,
				F64EBAD724A39EC800CEF2D7 /* SceneDelegate.swift */,
			);
			path = Support;
			sourceTree = "<group>";
		};
		F64EBAEA24A3A05400CEF2D7 /* Scenes */ = {
			isa = PBXGroup;
			children = (
				F64EBAF724A3A92800CEF2D7 /* UpcomingEventsVC.swift */,
			);
			path = Scenes;
			sourceTree = "<group>";
		};
		F64EBAEB24A3A1EA00CEF2D7 /* Model */ = {
			isa = PBXGroup;
			children = (
				F64EBAF024A3A49C00CEF2D7 /* Event.swift */,
			);
			path = Model;
			sourceTree = "<group>";
		};
		F64EBAED24A3A2CC00CEF2D7 /* Manager */ = {
			isa = PBXGroup;
			children = (
				F64EBAEE24A3A30500CEF2D7 /* MockDataManager.swift */,
			);
			path = Manager;
			sourceTree = "<group>";
		};
		F64EBAF224A3A52700CEF2D7 /* Utilities */ = {
			isa = PBXGroup;
			children = (
				F64EBAF324A3A55400CEF2D7 /* EVDataError.swift */,
			);
			path = Utilities;
			sourceTree = "<group>";
		};
/* End PBXGroup section */

/* Begin PBXNativeTarget section */
		F64EBAD124A39EC800CEF2D7 /* eVents */ = {
			isa = PBXNativeTarget;
			buildConfigurationList = F64EBAE624A39ECD00CEF2D7 /* Build configuration list for PBXNativeTarget "eVents" */;
			buildPhases = (
				F64EBACE24A39EC800CEF2D7 /* Sources */,
				F64EBACF24A39EC800CEF2D7 /* Frameworks */,
				F64EBAD024A39EC800CEF2D7 /* Resources */,
			);
			buildRules = (
			);
			dependencies = (
			);
			name = eVents;
			productName = eVents;
			productReference = F64EBAD224A39EC800CEF2D7 /* eVents.app */;
			productType = "com.apple.product-type.application";
		};
/* End PBXNativeTarget section */

/* Begin PBXProject section */
		F64EBACA24A39EC800CEF2D7 /* Project object */ = {
			isa = PBXProject;
			attributes = {
				LastSwiftUpdateCheck = 1150;
				LastUpgradeCheck = 1150;
				ORGANIZATIONNAME = com.devKrey;
				TargetAttributes = {
					F64EBAD124A39EC800CEF2D7 = {
						CreatedOnToolsVersion = 11.5;
					};
				};
			};
			buildConfigurationList = F64EBACD24A39EC800CEF2D7 /* Build configuration list for PBXProject "eVents" */;
			compatibilityVersion = "Xcode 9.3";
			developmentRegion = en;
			hasScannedForEncodings = 0;
			knownRegions = (
				en,
				Base,
			);
			mainGroup = F64EBAC924A39EC800CEF2D7;
			productRefGroup = F64EBAD324A39EC800CEF2D7 /* Products */;
			projectDirPath = "";
			projectRoot = "";
			targets = (
				F64EBAD124A39EC800CEF2D7 /* eVents */,
			);
		};
/* End PBXProject section */

/* Begin PBXResourcesBuildPhase section */
		F64EBAD024A39EC800CEF2D7 /* Resources */ = {
			isa = PBXResourcesBuildPhase;
			buildActionMask = 2147483647;
			files = (
				F64EBAE224A39ECD00CEF2D7 /* LaunchScreen.storyboard in Resources */,
				F64EBADF24A39ECD00CEF2D7 /* Assets.xcassets in Resources */,
				F64EBAF624A3A8D400CEF2D7 /* mock.json in Resources */,
			);
			runOnlyForDeploymentPostprocessing = 0;
		};
/* End PBXResourcesBuildPhase section */

/* Begin PBXSourcesBuildPhase section */
		F64EBACE24A39EC800CEF2D7 /* Sources */ = {
			isa = PBXSourcesBuildPhase;
			buildActionMask = 2147483647;
			files = (
				F64EBAF424A3A55400CEF2D7 /* EVDataError.swift in Sources */,
				F64EBAF124A3A49C00CEF2D7 /* Event.swift in Sources */,
				F64EBAD624A39EC800CEF2D7 /* AppDelegate.swift in Sources */,
				F64EBAEF24A3A30500CEF2D7 /* MockDataManager.swift in Sources */,
				F64EBAD824A39EC800CEF2D7 /* SceneDelegate.swift in Sources */,
				F64EBAF824A3A92800CEF2D7 /* UpcomingEventsVC.swift in Sources */,
			);
			runOnlyForDeploymentPostprocessing = 0;
		};
/* End PBXSourcesBuildPhase section */

/* Begin PBXVariantGroup section */
		F64EBAE024A39ECD00CEF2D7 /* LaunchScreen.storyboard */ = {
			isa = PBXVariantGroup;
			children = (
				F64EBAE124A39ECD00CEF2D7 /* Base */,
			);
			name = LaunchScreen.storyboard;
			sourceTree = "<group>";
		};
/* End PBXVariantGroup section */

/* Begin XCBuildConfiguration section */
		F64EBAE424A39ECD00CEF2D7 /* Debug */ = {
			isa = XCBuildConfiguration;
			buildSettings = {
				ALWAYS_SEARCH_USER_PATHS = NO;
				CLANG_ANALYZER_NONNULL = YES;
				CLANG_ANALYZER_NUMBER_OBJECT_CONVERSION = YES_AGGRESSIVE;
				CLANG_CXX_LANGUAGE_STANDARD = "gnu++14";
				CLANG_CXX_LIBRARY = "libc++";
				CLANG_ENABLE_MODULES = YES;
				CLANG_ENABLE_OBJC_ARC = YES;
				CLANG_ENABLE_OBJC_WEAK = YES;
				CLANG_WARN_BLOCK_CAPTURE_AUTORELEASING = YES;
				CLANG_WARN_BOOL_CONVERSION = YES;
				CLANG_WARN_COMMA = YES;
				CLANG_WARN_CONSTANT_CONVERSION = YES;
				CLANG_WARN_DEPRECATED_OBJC_IMPLEMENTATIONS = YES;
				CLANG_WARN_DIRECT_OBJC_ISA_USAGE = YES_ERROR;
				CLANG_WARN_DOCUMENTATION_COMMENTS = YES;
				CLANG_WARN_EMPTY_BODY = YES;
				CLANG_WARN_ENUM_CONVERSION = YES;
				CLANG_WARN_INFINITE_RECURSION = YES;
				CLANG_WARN_INT_CONVERSION = YES;
				CLANG_WARN_NON_LITERAL_NULL_CONVERSION = YES;
				CLANG_WARN_OBJC_IMPLICIT_RETAIN_SELF = YES;
				CLANG_WARN_OBJC_LITERAL_CONVERSION = YES;
				CLANG_WARN_OBJC_ROOT_CLASS = YES_ERROR;
				CLANG_WARN_RANGE_LOOP_ANALYSIS = YES;
				CLANG_WARN_STRICT_PROTOTYPES = YES;
				CLANG_WARN_SUSPICIOUS_MOVE = YES;
				CLANG_WARN_UNGUARDED_AVAILABILITY = YES_AGGRESSIVE;
				CLANG_WARN_UNREACHABLE_CODE = YES;
				CLANG_WARN__DUPLICATE_METHOD_MATCH = YES;
				COPY_PHASE_STRIP = NO;
				DEBUG_INFORMATION_FORMAT = dwarf;
				ENABLE_STRICT_OBJC_MSGSEND = YES;
				ENABLE_TESTABILITY = YES;
				GCC_C_LANGUAGE_STANDARD = gnu11;
				GCC_DYNAMIC_NO_PIC = NO;
				GCC_NO_COMMON_BLOCKS = YES;
				GCC_OPTIMIZATION_LEVEL = 0;
				GCC_PREPROCESSOR_DEFINITIONS = (
					"DEBUG=1",
					"$(inherited)",
				);
				GCC_WARN_64_TO_32_BIT_CONVERSION = YES;
				GCC_WARN_ABOUT_RETURN_TYPE = YES_ERROR;
				GCC_WARN_UNDECLARED_SELECTOR = YES;
				GCC_WARN_UNINITIALIZED_AUTOS = YES_AGGRESSIVE;
				GCC_WARN_UNUSED_FUNCTION = YES;
				GCC_WARN_UNUSED_VARIABLE = YES;
				IPHONEOS_DEPLOYMENT_TARGET = 13.5;
				MTL_ENABLE_DEBUG_INFO = INCLUDE_SOURCE;
				MTL_FAST_MATH = YES;
				ONLY_ACTIVE_ARCH = YES;
				SDKROOT = iphoneos;
				SWIFT_ACTIVE_COMPILATION_CONDITIONS = DEBUG;
				SWIFT_OPTIMIZATION_LEVEL = "-Onone";
			};
			name = Debug;
		};
		F64EBAE524A39ECD00CEF2D7 /* Release */ = {
			isa = XCBuildConfiguration;
			buildSettings = {
				ALWAYS_SEARCH_USER_PATHS = NO;
				CLANG_ANALYZER_NONNULL = YES;
				CLANG_ANALYZER_NUMBER_OBJECT_CONVERSION = YES_AGGRESSIVE;
				CLANG_CXX_LANGUAGE_STANDARD = "gnu++14";
				CLANG_CXX_LIBRARY = "libc++";
				CLANG_ENABLE_MODULES = YES;
				CLANG_ENABLE_OBJC_ARC = YES;
				CLANG_ENABLE_OBJC_WEAK = YES;
				CLANG_WARN_BLOCK_CAPTURE_AUTORELEASING = YES;
				CLANG_WARN_BOOL_CONVERSION = YES;
				CLANG_WARN_COMMA = YES;
				CLANG_WARN_CONSTANT_CONVERSION = YES;
				CLANG_WARN_DEPRECATED_OBJC_IMPLEMENTATIONS = YES;
				CLANG_WARN_DIRECT_OBJC_ISA_USAGE = YES_ERROR;
				CLANG_WARN_DOCUMENTATION_COMMENTS = YES;
				CLANG_WARN_EMPTY_BODY = YES;
				CLANG_WARN_ENUM_CONVERSION = YES;
				CLANG_WARN_INFINITE_RECURSION = YES;
				CLANG_WARN_INT_CONVERSION = YES;
				CLANG_WARN_NON_LITERAL_NULL_CONVERSION = YES;
				CLANG_WARN_OBJC_IMPLICIT_RETAIN_SELF = YES;
				CLANG_WARN_OBJC_LITERAL_CONVERSION = YES;
				CLANG_WARN_OBJC_ROOT_CLASS = YES_ERROR;
				CLANG_WARN_RANGE_LOOP_ANALYSIS = YES;
				CLANG_WARN_STRICT_PROTOTYPES = YES;
				CLANG_WARN_SUSPICIOUS_MOVE = YES;
				CLANG_WARN_UNGUARDED_AVAILABILITY = YES_AGGRESSIVE;
				CLANG_WARN_UNREACHABLE_CODE = YES;
				CLANG_WARN__DUPLICATE_METHOD_MATCH = YES;
				COPY_PHASE_STRIP = NO;
				DEBUG_INFORMATION_FORMAT = "dwarf-with-dsym";
				ENABLE_NS_ASSERTIONS = NO;
				ENABLE_STRICT_OBJC_MSGSEND = YES;
				GCC_C_LANGUAGE_STANDARD = gnu11;
				GCC_NO_COMMON_BLOCKS = YES;
				GCC_WARN_64_TO_32_BIT_CONVERSION = YES;
				GCC_WARN_ABOUT_RETURN_TYPE = YES_ERROR;
				GCC_WARN_UNDECLARED_SELECTOR = YES;
				GCC_WARN_UNINITIALIZED_AUTOS = YES_AGGRESSIVE;
				GCC_WARN_UNUSED_FUNCTION = YES;
				GCC_WARN_UNUSED_VARIABLE = YES;
				IPHONEOS_DEPLOYMENT_TARGET = 13.5;
				MTL_ENABLE_DEBUG_INFO = NO;
				MTL_FAST_MATH = YES;
				SDKROOT = iphoneos;
				SWIFT_COMPILATION_MODE = wholemodule;
				SWIFT_OPTIMIZATION_LEVEL = "-O";
				VALIDATE_PRODUCT = YES;
			};
			name = Release;
		};
		F64EBAE724A39ECD00CEF2D7 /* Debug */ = {
			isa = XCBuildConfiguration;
			buildSettings = {
				ASSETCATALOG_COMPILER_APPICON_NAME = AppIcon;
				CODE_SIGN_STYLE = Automatic;
				DEVELOPMENT_TEAM = 5G4Y4N938U;
				INFOPLIST_FILE = eVents/Info.plist;
				LD_RUNPATH_SEARCH_PATHS = (
					"$(inherited)",
					"@executable_path/Frameworks",
				);
				PRODUCT_BUNDLE_IDENTIFIER = KSJain.eVents;
				PRODUCT_NAME = "$(TARGET_NAME)";
				SWIFT_VERSION = 5.0;
				TARGETED_DEVICE_FAMILY = 1;
			};
			name = Debug;
		};
		F64EBAE824A39ECD00CEF2D7 /* Release */ = {
			isa = XCBuildConfiguration;
			buildSettings = {
				ASSETCATALOG_COMPILER_APPICON_NAME = AppIcon;
				CODE_SIGN_STYLE = Automatic;
				DEVELOPMENT_TEAM = 5G4Y4N938U;
				INFOPLIST_FILE = eVents/Info.plist;
				LD_RUNPATH_SEARCH_PATHS = (
					"$(inherited)",
					"@executable_path/Frameworks",
				);
				PRODUCT_BUNDLE_IDENTIFIER = KSJain.eVents;
				PRODUCT_NAME = "$(TARGET_NAME)";
				SWIFT_VERSION = 5.0;
				TARGETED_DEVICE_FAMILY = 1;
			};
			name = Release;
		};
/* End XCBuildConfiguration section */

/* Begin XCConfigurationList section */
		F64EBACD24A39EC800CEF2D7 /* Build configuration list for PBXProject "eVents" */ = {
			isa = XCConfigurationList;
			buildConfigurations = (
				F64EBAE424A39ECD00CEF2D7 /* Debug */,
				F64EBAE524A39ECD00CEF2D7 /* Release */,
			);
			defaultConfigurationIsVisible = 0;
			defaultConfigurationName = Release;
		};
		F64EBAE624A39ECD00CEF2D7 /* Build configuration list for PBXNativeTarget "eVents" */ = {
			isa = XCConfigurationList;
			buildConfigurations = (
				F64EBAE724A39ECD00CEF2D7 /* Debug */,
				F64EBAE824A39ECD00CEF2D7 /* Release */,
			);
			defaultConfigurationIsVisible = 0;
			defaultConfigurationName = Release;
		};
/* End XCConfigurationList section */
	};
	rootObject = F64EBACA24A39EC800CEF2D7 /* Project object */;
}
